
Microsoft Visual Studio Solution File, Format Version 12.00
# Visual Studio Version 16
VisualStudioVersion = 16.0.31911.196
MinimumVisualStudioVersion = 10.0.40219.1
Project("{FAE04EC0-301F-11D3-BF4B-00C04F79EFBC}") = "Aga.Controls", "Aga.Controls\Aga.Controls.csproj", "{E73BB233-D88B-44A7-A98F-D71EE158381D}"
EndProject
Project("{FAE04EC0-301F-11D3-BF4B-00C04F79EFBC}") = "WillowTreeSharp", "WillowTreeSharp\WillowTreeSharp.csproj", "{D15E6A8F-E4CD-4E0C-A953-ABE3320D98DA}"
EndProject
Project("{FAE04EC0-301F-11D3-BF4B-00C04F79EFBC}") = "WillowTreeSharp.Tests", "WillowTreeSharp.Tests\WillowTreeSharp.Tests.csproj", "{750B5B6C-3E4D-47D5-8F65-A38DA660981E}"
EndProject
Project("{FAE04EC0-301F-11D3-BF4B-00C04F79EFBC}") = "WillowTreeSharp.Controls", "WillowTreeSharp.Controls\WillowTreeSharp.Controls.csproj", "{9CAC0AF9-F039-4F22-963D-52EB5BAB7F55}"
EndProject
Project("{2150E333-8FDC-42A3-9474-1A3956D46DE8}") = "Solution Items", "Solution Items", "{8271D9D3-0917-4148-B11F-FD0F8B6F6782}"
	ProjectSection(SolutionItems) = preProject
		.editorconfig = .editorconfig
	EndProjectSection
EndProject
Project("{FAE04EC0-301F-11D3-BF4B-00C04F79EFBC}") = "WillowTreeSharp.Domain", "WillowTreeSharp.Domain\WillowTreeSharp.Domain.csproj", "{FE2326A6-B36C-4ADC-92D1-EC3FFEA21E93}"
EndProject
Global
	GlobalSection(SolutionConfigurationPlatforms) = preSolution
		Debug|Any CPU = Debug|Any CPU
		Release|Any CPU = Release|Any CPU
	EndGlobalSection
	GlobalSection(ProjectConfigurationPlatforms) = postSolution
		{E73BB233-D88B-44A7-A98F-D71EE158381D}.Debug|Any CPU.ActiveCfg = Debug|Any CPU
		{E73BB233-D88B-44A7-A98F-D71EE158381D}.Debug|Any CPU.Build.0 = Debug|Any CPU
		{E73BB233-D88B-44A7-A98F-D71EE158381D}.Release|Any CPU.ActiveCfg = Release|Any CPU
		{E73BB233-D88B-44A7-A98F-D71EE158381D}.Release|Any CPU.Build.0 = Release|Any CPU
		{D15E6A8F-E4CD-4E0C-A953-ABE3320D98DA}.Debug|Any CPU.ActiveCfg = Debug|Any CPU
		{D15E6A8F-E4CD-4E0C-A953-ABE3320D98DA}.Debug|Any CPU.Build.0 = Debug|Any CPU
		{D15E6A8F-E4CD-4E0C-A953-ABE3320D98DA}.Release|Any CPU.ActiveCfg = Release|Any CPU
		{D15E6A8F-E4CD-4E0C-A953-ABE3320D98DA}.Release|Any CPU.Build.0 = Release|Any CPU
		{750B5B6C-3E4D-47D5-8F65-A38DA660981E}.Debug|Any CPU.ActiveCfg = Debug|Any CPU
		{750B5B6C-3E4D-47D5-8F65-A38DA660981E}.Debug|Any CPU.Build.0 = Debug|Any CPU
		{750B5B6C-3E4D-47D5-8F65-A38DA660981E}.Release|Any CPU.ActiveCfg = Release|Any CPU
		{750B5B6C-3E4D-47D5-8F65-A38DA660981E}.Release|Any CPU.Build.0 = Release|Any CPU
		{9CAC0AF9-F039-4F22-963D-52EB5BAB7F55}.Debug|Any CPU.ActiveCfg = Debug|Any CPU
		{9CAC0AF9-F039-4F22-963D-52EB5BAB7F55}.Debug|Any CPU.Build.0 = Debug|Any CPU
		{9CAC0AF9-F039-4F22-963D-52EB5BAB7F55}.Release|Any CPU.ActiveCfg = Release|Any CPU
		{9CAC0AF9-F039-4F22-963D-52EB5BAB7F55}.Release|Any CPU.Build.0 = Release|Any CPU
		{FE2326A6-B36C-4ADC-92D1-EC3FFEA21E93}.Debug|Any CPU.ActiveCfg = Debug|Any CPU
		{FE2326A6-B36C-4ADC-92D1-EC3FFEA21E93}.Debug|Any CPU.Build.0 = Debug|Any CPU
		{FE2326A6-B36C-4ADC-92D1-EC3FFEA21E93}.Release|Any CPU.ActiveCfg = Release|Any CPU
		{FE2326A6-B36C-4ADC-92D1-EC3FFEA21E93}.Release|Any CPU.Build.0 = Release|Any CPU
	EndGlobalSection
	GlobalSection(SolutionProperties) = preSolution
		HideSolutionNode = FALSE
	EndGlobalSection
	GlobalSection(ExtensibilityGlobals) = postSolution
		SolutionGuid = {A1EFF1D6-F05A-42DA-BD28-C159692422EA}
	EndGlobalSection
EndGlobal
